// !$*UTF8*$!
{
	archiveVersion = 1;
	classes = {
	};
	objectVersion = 50;
	objects = {

/* Begin PBXBuildFile section */
		BB93AA35247E071E0070711A /* IntegerEditor.swift in Sources */ = {isa = PBXBuildFile; fileRef = BB93AA34247E071E0070711A /* IntegerEditor.swift */; };
		BBD89DE8247DFC240003CDA0 /* AppDelegate.swift in Sources */ = {isa = PBXBuildFile; fileRef = BBD89DE7247DFC240003CDA0 /* AppDelegate.swift */; };
		BBD89DEA247DFC240003CDA0 /* SceneDelegate.swift in Sources */ = {isa = PBXBuildFile; fileRef = BBD89DE9247DFC240003CDA0 /* SceneDelegate.swift */; };
		BBD89DEC247DFC240003CDA0 /* ContentView.swift in Sources */ = {isa = PBXBuildFile; fileRef = BBD89DEB247DFC240003CDA0 /* ContentView.swift */; };
		BBD89DEE247DFC270003CDA0 /* Assets.xcassets in Resources */ = {isa = PBXBuildFile; fileRef = BBD89DED247DFC270003CDA0 /* Assets.xcassets */; };
		BBD89DF1247DFC270003CDA0 /* Preview Assets.xcassets in Resources */ = {isa = PBXBuildFile; fileRef = BBD89DF0247DFC270003CDA0 /* Preview Assets.xcassets */; };
		BBD89DF4247DFC270003CDA0 /* LaunchScreen.storyboard in Resources */ = {isa = PBXBuildFile; fileRef = BBD89DF2247DFC270003CDA0 /* LaunchScreen.storyboard */; };
		BBD89DFC247DFC3C0003CDA0 /* Configuration.swift in Sources */ = {isa = PBXBuildFile; fileRef = BBD89DFB247DFC3C0003CDA0 /* Configuration.swift */; };
		BBD89DFE247DFF930003CDA0 /* SettingsView.swift in Sources */ = {isa = PBXBuildFile; fileRef = BBD89DFD247DFF930003CDA0 /* SettingsView.swift */; };
		BBD89E00247E04990003CDA0 /* StringEditor.swift in Sources */ = {isa = PBXBuildFile; fileRef = BBD89DFF247E04990003CDA0 /* StringEditor.swift */; };
/* End PBXBuildFile section */

/* Begin PBXFileReference section */
		BB93AA34247E071E0070711A /* IntegerEditor.swift */ = {isa = PBXFileReference; lastKnownFileType = sourcecode.swift; path = IntegerEditor.swift; sourceTree = "<group>"; };
		BBD89DE4247DFC240003CDA0 /* ConfigurationTest.app */ = {isa = PBXFileReference; explicitFileType = wrapper.application; includeInIndex = 0; path = ConfigurationTest.app; sourceTree = BUILT_PRODUCTS_DIR; };
		BBD89DE7247DFC240003CDA0 /* AppDelegate.swift */ = {isa = PBXFileReference; lastKnownFileType = sourcecode.swift; path = AppDelegate.swift; sourceTree = "<group>"; };
		BBD89DE9247DFC240003CDA0 /* SceneDelegate.swift */ = {isa = PBXFileReference; lastKnownFileType = sourcecode.swift; path = SceneDelegate.swift; sourceTree = "<group>"; };
		BBD89DEB247DFC240003CDA0 /* ContentView.swift */ = {isa = PBXFileReference; lastKnownFileType = sourcecode.swift; path = ContentView.swift; sourceTree = "<group>"; };
		BBD89DED247DFC270003CDA0 /* Assets.xcassets */ = {isa = PBXFileReference; lastKnownFileType = folder.assetcatalog; path = Assets.xcassets; sourceTree = "<group>"; };
		BBD89DF0247DFC270003CDA0 /* Preview Assets.xcassets */ = {isa = PBXFileReference; lastKnownFileType = folder.assetcatalog; path = "Preview Assets.xcassets"; sourceTree = "<group>"; };
		BBD89DF3247DFC270003CDA0 /* Base */ = {isa = PBXFileReference; lastKnownFileType = file.storyboard; name = Base; path = Base.lproj/LaunchScreen.storyboard; sourceTree = "<group>"; };
		BBD89DF5247DFC270003CDA0 /* Info.plist */ = {isa = PBXFileReference; lastKnownFileType = text.plist.xml; path = Info.plist; sourceTree = "<group>"; };
		BBD89DFB247DFC3C0003CDA0 /* Configuration.swift */ = {isa = PBXFileReference; lastKnownFileType = sourcecode.swift; path = Configuration.swift; sourceTree = "<group>"; };
		BBD89DFD247DFF930003CDA0 /* SettingsView.swift */ = {isa = PBXFileReference; lastKnownFileType = sourcecode.swift; path = SettingsView.swift; sourceTree = "<group>"; };
		BBD89DFF247E04990003CDA0 /* StringEditor.swift */ = {isa = PBXFileReference; lastKnownFileType = sourcecode.swift; path = StringEditor.swift; sourceTree = "<group>"; };
/* End PBXFileReference section */

/* Begin PBXFrameworksBuildPhase section */
		BBD89DE1247DFC240003CDA0 /* Frameworks */ = {
			isa = PBXFrameworksBuildPhase;
			buildActionMask = 2147483647;
			files = (
			);
			runOnlyForDeploymentPostprocessing = 0;
		};
/* End PBXFrameworksBuildPhase section */

/* Begin PBXGroup section */
		BBD89DDB247DFC240003CDA0 = {
			isa = PBXGroup;
			children = (
				BBD89DE6247DFC240003CDA0 /* ConfigurationTest */,
				BBD89DE5247DFC240003CDA0 /* Products */,
			);
			sourceTree = "<group>";
		};
		BBD89DE5247DFC240003CDA0 /* Products */ = {
			isa = PBXGroup;
			children = (
				BBD89DE4247DFC240003CDA0 /* ConfigurationTest.app */,
			);
			name = Products;
			sourceTree = "<group>";
		};
		BBD89DE6247DFC240003CDA0 /* ConfigurationTest */ = {
			isa = PBXGroup;
			children = (
				BBD89DE7247DFC240003CDA0 /* AppDelegate.swift */,
				BBD89DFB247DFC3C0003CDA0 /* Configuration.swift */,
				BBD89DE9247DFC240003CDA0 /* SceneDelegate.swift */,
				BBD89DEB247DFC240003CDA0 /* ContentView.swift */,
				BBD89DFD247DFF930003CDA0 /* SettingsView.swift */,
				BBD89DFF247E04990003CDA0 /* StringEditor.swift */,
				BB93AA34247E071E0070711A /* IntegerEditor.swift */,
				BBD89DED247DFC270003CDA0 /* Assets.xcassets */,
				BBD89DF2247DFC270003CDA0 /* LaunchScreen.storyboard */,
				BBD89DF5247DFC270003CDA0 /* Info.plist */,
				BBD89DEF247DFC270003CDA0 /* Preview Content */,
			);
			path = ConfigurationTest;
			sourceTree = "<group>";
		};
		BBD89DEF247DFC270003CDA0 /* Preview Content */ = {
			isa = PBXGroup;
			children = (
				BBD89DF0247DFC270003CDA0 /* Preview Assets.xcassets */,
			);
			path = "Preview Content";
			sourceTree = "<group>";
		};
/* End PBXGroup section */

/* Begin PBXNativeTarget section */
		BBD89DE3247DFC240003CDA0 /* ConfigurationTest */ = {
			isa = PBXNativeTarget;
			buildConfigurationList = BBD89DF8247DFC270003CDA0 /* Build configuration list for PBXNativeTarget "ConfigurationTest" */;
			buildPhases = (
				BBD89DE0247DFC240003CDA0 /* Sources */,
				BBD89DE1247DFC240003CDA0 /* Frameworks */,
				BBD89DE2247DFC240003CDA0 /* Resources */,
			);
			buildRules = (
			);
			dependencies = (
			);
			name = ConfigurationTest;
			productName = ConfigurationTest;
			productReference = BBD89DE4247DFC240003CDA0 /* ConfigurationTest.app */;
			productType = "com.apple.product-type.application";
		};
/* End PBXNativeTarget section */

/* Begin PBXProject section */
		BBD89DDC247DFC240003CDA0 /* Project object */ = {
			isa = PBXProject;
			attributes = {
				LastSwiftUpdateCheck = 1150;
				LastUpgradeCheck = 1150;
				ORGANIZATIONNAME = "Paul Wilkinson";
				TargetAttributes = {
					BBD89DE3247DFC240003CDA0 = {
						CreatedOnToolsVersion = 11.5;
					};
				};
			};
			buildConfigurationList = BBD89DDF247DFC240003CDA0 /* Build configuration list for PBXProject "ConfigurationTest" */;
			compatibilityVersion = "Xcode 9.3";
			developmentRegion = en;
			hasScannedForEncodings = 0;
			knownRegions = (
				en,
				Base,
			);
			mainGroup = BBD89DDB247DFC240003CDA0;
			productRefGroup = BBD89DE5247DFC240003CDA0 /* Products */;
			projectDirPath = "";
			projectRoot = "";
			targets = (
				BBD89DE3247DFC240003CDA0 /* ConfigurationTest */,
			);
		};
/* End PBXProject section */

/* Begin PBXResourcesBuildPhase section */
		BBD89DE2247DFC240003CDA0 /* Resources */ = {
			isa = PBXResourcesBuildPhase;
			buildActionMask = 2147483647;
			files = (
				BBD89DF4247DFC270003CDA0 /* LaunchScreen.storyboard in Resources */,
				BBD89DF1247DFC270003CDA0 /* Preview Assets.xcassets in Resources */,
				BBD89DEE247DFC270003CDA0 /* Assets.xcassets in Resources */,
			);
			runOnlyForDeploymentPostprocessing = 0;
		};
/* End PBXResourcesBuildPhase section */

/* Begin PBXSourcesBuildPhase section */
		BBD89DE0247DFC240003CDA0 /* Sources */ = {
			isa = PBXSourcesBuildPhase;
			buildActionMask = 2147483647;
			files = (
				BBD89DFE247DFF930003CDA0 /* SettingsView.swift in Sources */,
				BBD89DE8247DFC240003CDA0 /* AppDelegate.swift in Sources */,
				BBD89DEA247DFC240003CDA0 /* SceneDelegate.swift in Sources */,
				BBD89DFC247DFC3C0003CDA0 /* Configuration.swift in Sources */,
				BBD89DEC247DFC240003CDA0 /* ContentView.swift in Sources */,
				BB93AA35247E071E0070711A /* IntegerEditor.swift in Sources */,
				BBD89E00247E04990003CDA0 /* StringEditor.swift in Sources */,
			);
			runOnlyForDeploymentPostprocessing = 0;
		};
/* End PBXSourcesBuildPhase section */

/* Begin PBXVariantGroup section */
		BBD89DF2247DFC270003CDA0 /* LaunchScreen.storyboard */ = {
			isa = PBXVariantGroup;
			children = (
				BBD89DF3247DFC270003CDA0 /* Base */,
			);
			name = LaunchScreen.storyboard;
			sourceTree = "<group>";
		};
/* End PBXVariantGroup section */

/* Begin XCBuildConfiguration section */
		BBD89DF6247DFC270003CDA0 /* Debug */ = {
			isa = XCBuildConfiguration;
			buildSettings = {
				ALWAYS_SEARCH_USER_PATHS = NO;
				CLANG_ANALYZER_NONNULL = YES;
				CLANG_ANALYZER_NUMBER_OBJECT_CONVERSION = YES_AGGRESSIVE;
				CLANG_CXX_LANGUAGE_STANDARD = "gnu++14";
				CLANG_CXX_LIBRARY = "libc++";
				CLANG_ENABLE_MODULES = YES;
				CLANG_ENABLE_OBJC_ARC = YES;
				CLANG_ENABLE_OBJC_WEAK = YES;
				CLANG_WARN_BLOCK_CAPTURE_AUTORELEASING = YES;
				CLANG_WARN_BOOL_CONVERSION = YES;
				CLANG_WARN_COMMA = YES;
				CLANG_WARN_CONSTANT_CONVERSION = YES;
				CLANG_WARN_DEPRECATED_OBJC_IMPLEMENTATIONS = YES;
				CLANG_WARN_DIRECT_OBJC_ISA_USAGE = YES_ERROR;
				CLANG_WARN_DOCUMENTATION_COMMENTS = YES;
				CLANG_WARN_EMPTY_BODY = YES;
				CLANG_WARN_ENUM_CONVERSION = YES;
				CLANG_WARN_INFINITE_RECURSION = YES;
				CLANG_WARN_INT_CONVERSION = YES;
				CLANG_WARN_NON_LITERAL_NULL_CONVERSION = YES;
				CLANG_WARN_OBJC_IMPLICIT_RETAIN_SELF = YES;
				CLANG_WARN_OBJC_LITERAL_CONVERSION = YES;
				CLANG_WARN_OBJC_ROOT_CLASS = YES_ERROR;
				CLANG_WARN_RANGE_LOOP_ANALYSIS = YES;
				CLANG_WARN_STRICT_PROTOTYPES = YES;
				CLANG_WARN_SUSPICIOUS_MOVE = YES;
				CLANG_WARN_UNGUARDED_AVAILABILITY = YES_AGGRESSIVE;
				CLANG_WARN_UNREACHABLE_CODE = YES;
				CLANG_WARN__DUPLICATE_METHOD_MATCH = YES;
				COPY_PHASE_STRIP = NO;
				DEBUG_INFORMATION_FORMAT = dwarf;
				ENABLE_STRICT_OBJC_MSGSEND = YES;
				ENABLE_TESTABILITY = YES;
				GCC_C_LANGUAGE_STANDARD = gnu11;
				GCC_DYNAMIC_NO_PIC = NO;
				GCC_NO_COMMON_BLOCKS = YES;
				GCC_OPTIMIZATION_LEVEL = 0;
				GCC_PREPROCESSOR_DEFINITIONS = (
					"DEBUG=1",
					"$(inherited)",
				);
				GCC_WARN_64_TO_32_BIT_CONVERSION = YES;
				GCC_WARN_ABOUT_RETURN_TYPE = YES_ERROR;
				GCC_WARN_UNDECLARED_SELECTOR = YES;
				GCC_WARN_UNINITIALIZED_AUTOS = YES_AGGRESSIVE;
				GCC_WARN_UNUSED_FUNCTION = YES;
				GCC_WARN_UNUSED_VARIABLE = YES;
				IPHONEOS_DEPLOYMENT_TARGET = 13.5;
				MTL_ENABLE_DEBUG_INFO = INCLUDE_SOURCE;
				MTL_FAST_MATH = YES;
				ONLY_ACTIVE_ARCH = YES;
				SDKROOT = iphoneos;
				SWIFT_ACTIVE_COMPILATION_CONDITIONS = DEBUG;
				SWIFT_OPTIMIZATION_LEVEL = "-Onone";
			};
			name = Debug;
		};
		BBD89DF7247DFC270003CDA0 /* Release */ = {
			isa = XCBuildConfiguration;
			buildSettings = {
				ALWAYS_SEARCH_USER_PATHS = NO;
				CLANG_ANALYZER_NONNULL = YES;
				CLANG_ANALYZER_NUMBER_OBJECT_CONVERSION = YES_AGGRESSIVE;
				CLANG_CXX_LANGUAGE_STANDARD = "gnu++14";
				CLANG_CXX_LIBRARY = "libc++";
				CLANG_ENABLE_MODULES = YES;
				CLANG_ENABLE_OBJC_ARC = YES;
				CLANG_ENABLE_OBJC_WEAK = YES;
				CLANG_WARN_BLOCK_CAPTURE_AUTORELEASING = YES;
				CLANG_WARN_BOOL_CONVERSION = YES;
				CLANG_WARN_COMMA = YES;
				CLANG_WARN_CONSTANT_CONVERSION = YES;
				CLANG_WARN_DEPRECATED_OBJC_IMPLEMENTATIONS = YES;
				CLANG_WARN_DIRECT_OBJC_ISA_USAGE = YES_ERROR;
				CLANG_WARN_DOCUMENTATION_COMMENTS = YES;
				CLANG_WARN_EMPTY_BODY = YES;
				CLANG_WARN_ENUM_CONVERSION = YES;
				CLANG_WARN_INFINITE_RECURSION = YES;
				CLANG_WARN_INT_CONVERSION = YES;
				CLANG_WARN_NON_LITERAL_NULL_CONVERSION = YES;
				CLANG_WARN_OBJC_IMPLICIT_RETAIN_SELF = YES;
				CLANG_WARN_OBJC_LITERAL_CONVERSION = YES;
				CLANG_WARN_OBJC_ROOT_CLASS = YES_ERROR;
				CLANG_WARN_RANGE_LOOP_ANALYSIS = YES;
				CLANG_WARN_STRICT_PROTOTYPES = YES;
				CLANG_WARN_SUSPICIOUS_MOVE = YES;
				CLANG_WARN_UNGUARDED_AVAILABILITY = YES_AGGRESSIVE;
				CLANG_WARN_UNREACHABLE_CODE = YES;
				CLANG_WARN__DUPLICATE_METHOD_MATCH = YES;
				COPY_PHASE_STRIP = NO;
				DEBUG_INFORMATION_FORMAT = "dwarf-with-dsym";
				ENABLE_NS_ASSERTIONS = NO;
				ENABLE_STRICT_OBJC_MSGSEND = YES;
				GCC_C_LANGUAGE_STANDARD = gnu11;
				GCC_NO_COMMON_BLOCKS = YES;
				GCC_WARN_64_TO_32_BIT_CONVERSION = YES;
				GCC_WARN_ABOUT_RETURN_TYPE = YES_ERROR;
				GCC_WARN_UNDECLARED_SELECTOR = YES;
				GCC_WARN_UNINITIALIZED_AUTOS = YES_AGGRESSIVE;
				GCC_WARN_UNUSED_FUNCTION = YES;
				GCC_WARN_UNUSED_VARIABLE = YES;
				IPHONEOS_DEPLOYMENT_TARGET = 13.5;
				MTL_ENABLE_DEBUG_INFO = NO;
				MTL_FAST_MATH = YES;
				SDKROOT = iphoneos;
				SWIFT_COMPILATION_MODE = wholemodule;
				SWIFT_OPTIMIZATION_LEVEL = "-O";
				VALIDATE_PRODUCT = YES;
			};
			name = Release;
		};
		BBD89DF9247DFC270003CDA0 /* Debug */ = {
			isa = XCBuildConfiguration;
			buildSettings = {
				ASSETCATALOG_COMPILER_APPICON_NAME = AppIcon;
				CODE_SIGN_IDENTITY = "Apple Development";
				CODE_SIGN_STYLE = Automatic;
				DEVELOPMENT_ASSET_PATHS = "\"ConfigurationTest/Preview Content\"";
				DEVELOPMENT_TEAM = "";
				ENABLE_PREVIEWS = YES;
				INFOPLIST_FILE = ConfigurationTest/Info.plist;
				LD_RUNPATH_SEARCH_PATHS = (
					"$(inherited)",
					"@executable_path/Frameworks",
				);
				PRODUCT_BUNDLE_IDENTIFIER = me.wilko.ConfigurationTest;
				PRODUCT_NAME = "$(TARGET_NAME)";
				PROVISIONING_PROFILE_SPECIFIER = "";
				SWIFT_VERSION = 5.0;
				TARGETED_DEVICE_FAMILY = "1,2";
			};
			name = Debug;
		};
		BBD89DFA247DFC270003CDA0 /* Release */ = {
			isa = XCBuildConfiguration;
			buildSettings = {
				ASSETCATALOG_COMPILER_APPICON_NAME = AppIcon;
				CODE_SIGN_IDENTITY = "Apple Development";
				CODE_SIGN_STYLE = Automatic;
				DEVELOPMENT_ASSET_PATHS = "\"ConfigurationTest/Preview Content\"";
				DEVELOPMENT_TEAM = "";
				ENABLE_PREVIEWS = YES;
				INFOPLIST_FILE = ConfigurationTest/Info.plist;
				LD_RUNPATH_SEARCH_PATHS = (
					"$(inherited)",
					"@executable_path/Frameworks",
				);
				PRODUCT_BUNDLE_IDENTIFIER = me.wilko.ConfigurationTest;
				PRODUCT_NAME = "$(TARGET_NAME)";
				PROVISIONING_PROFILE_SPECIFIER = "";
				SWIFT_VERSION = 5.0;
				TARGETED_DEVICE_FAMILY = "1,2";
			};
			name = Release;
		};
/* End XCBuildConfiguration section */

/* Begin XCConfigurationList section */
		BBD89DDF247DFC240003CDA0 /* Build configuration list for PBXProject "ConfigurationTest" */ = {
			isa = XCConfigurationList;
			buildConfigurations = (
				BBD89DF6247DFC270003CDA0 /* Debug */,
				BBD89DF7247DFC270003CDA0 /* Release */,
			);
			defaultConfigurationIsVisible = 0;
			defaultConfigurationName = Release;
		};
		BBD89DF8247DFC270003CDA0 /* Build configuration list for PBXNativeTarget "ConfigurationTest" */ = {
			isa = XCConfigurationList;
			buildConfigurations = (
				BBD89DF9247DFC270003CDA0 /* Debug */,
				BBD89DFA247DFC270003CDA0 /* Release */,
			);
			defaultConfigurationIsVisible = 0;
			defaultConfigurationName = Release;
		};
/* End XCConfigurationList section */
	};
	rootObject = BBD89DDC247DFC240003CDA0 /* Project object */;
}
